// !$*UTF8*$!
{
	archiveVersion = 1;
	classes = {
	};
	objectVersion = 50;
	objects = {

/* Begin PBXBuildFile section */
		A50380C7215EB400004C30AF /* Sketch_UI_Inspector.h in Headers */ = {isa = PBXBuildFile; fileRef = A50380C5215EB400004C30AF /* Sketch_UI_Inspector.h */; settings = {ATTRIBUTES = (Public, ); }; };
		A51E6441215EE23500F65267 /* InspectorWindowController+NSOutlineViewDataSource.swift in Sources */ = {isa = PBXBuildFile; fileRef = A51E6440215EE23500F65267 /* InspectorWindowController+NSOutlineViewDataSource.swift */; };
		A51E6443215EE25200F65267 /* InspectorWindowController+NSOutlineViewDelegate.swift in Sources */ = {isa = PBXBuildFile; fileRef = A51E6442215EE25200F65267 /* InspectorWindowController+NSOutlineViewDelegate.swift */; };
		A55E938F215EB860001F871A /* OSLog.swift in Sources */ = {isa = PBXBuildFile; fileRef = A55E938E215EB860001F871A /* OSLog.swift */; };
		A58C5273215EC52E000FA1F7 /* NSNib.swift in Sources */ = {isa = PBXBuildFile; fileRef = A58C5272215EC52E000FA1F7 /* NSNib.swift */; };
		A5D69DCA2160545B0073195E /* Utils.swift in Sources */ = {isa = PBXBuildFile; fileRef = A5D69DC92160545B0073195E /* Utils.swift */; };
		A5D69DCC21605B0B0073195E /* Property.swift in Sources */ = {isa = PBXBuildFile; fileRef = A5D69DCB21605B0B0073195E /* Property.swift */; };
		A5D70CA3215EF71D00C6B701 /* InspectorWindowController+NSTableViewDelegate.swift in Sources */ = {isa = PBXBuildFile; fileRef = A5D70CA2215EF71D00C6B701 /* InspectorWindowController+NSTableViewDelegate.swift */; };
		A5D70CA5215EF73F00C6B701 /* InspectorWindowController+NSTableViewDataSource.swift in Sources */ = {isa = PBXBuildFile; fileRef = A5D70CA4215EF73F00C6B701 /* InspectorWindowController+NSTableViewDataSource.swift */; };
		A5F1F451215EB55400E6031B /* Sketch_UI_Inspector.framework in CopyFiles */ = {isa = PBXBuildFile; fileRef = A50380C2215EB400004C30AF /* Sketch_UI_Inspector.framework */; };
		A5F1F453215EB58500E6031B /* PluginController.swift in Sources */ = {isa = PBXBuildFile; fileRef = A5F1F452215EB58500E6031B /* PluginController.swift */; };
		A5F4FDA6215EB9680038C775 /* InspectorWindowController.swift in Sources */ = {isa = PBXBuildFile; fileRef = A5F4FDA4215EB9680038C775 /* InspectorWindowController.swift */; };
		A5F4FDA7215EB9680038C775 /* InspectorWindowController.xib in Resources */ = {isa = PBXBuildFile; fileRef = A5F4FDA5215EB9680038C775 /* InspectorWindowController.xib */; };
/* End PBXBuildFile section */

/* Begin PBXCopyFilesBuildPhase section */
		A5F1F450215EB54500E6031B /* CopyFiles */ = {
			isa = PBXCopyFilesBuildPhase;
			buildActionMask = 2147483647;
			dstPath = "/Users/Sergey/Dev/Sketch UI Inspector/SketchUIInspector.sketchplugin/Contents/Resources";
			dstSubfolderSpec = 0;
			files = (
				A5F1F451215EB55400E6031B /* Sketch_UI_Inspector.framework in CopyFiles */,
			);
			runOnlyForDeploymentPostprocessing = 0;
		};
/* End PBXCopyFilesBuildPhase section */

/* Begin PBXFileReference section */
		A50380C2215EB400004C30AF /* Sketch_UI_Inspector.framework */ = {isa = PBXFileReference; explicitFileType = wrapper.framework; includeInIndex = 0; path = Sketch_UI_Inspector.framework; sourceTree = BUILT_PRODUCTS_DIR; };
		A50380C5215EB400004C30AF /* Sketch_UI_Inspector.h */ = {isa = PBXFileReference; lastKnownFileType = sourcecode.c.h; path = Sketch_UI_Inspector.h; sourceTree = "<group>"; };
		A50380C6215EB400004C30AF /* Info.plist */ = {isa = PBXFileReference; lastKnownFileType = text.plist.xml; path = Info.plist; sourceTree = "<group>"; };
		A51E6440215EE23500F65267 /* InspectorWindowController+NSOutlineViewDataSource.swift */ = {isa = PBXFileReference; lastKnownFileType = sourcecode.swift; path = "InspectorWindowController+NSOutlineViewDataSource.swift"; sourceTree = "<group>"; };
		A51E6442215EE25200F65267 /* InspectorWindowController+NSOutlineViewDelegate.swift */ = {isa = PBXFileReference; lastKnownFileType = sourcecode.swift; path = "InspectorWindowController+NSOutlineViewDelegate.swift"; sourceTree = "<group>"; };
		A55E938E215EB860001F871A /* OSLog.swift */ = {isa = PBXFileReference; lastKnownFileType = sourcecode.swift; path = OSLog.swift; sourceTree = "<group>"; };
		A58C5272215EC52E000FA1F7 /* NSNib.swift */ = {isa = PBXFileReference; lastKnownFileType = sourcecode.swift; path = NSNib.swift; sourceTree = "<group>"; };
		A5D69DC92160545B0073195E /* Utils.swift */ = {isa = PBXFileReference; lastKnownFileType = sourcecode.swift; path = Utils.swift; sourceTree = "<group>"; };
		A5D69DCB21605B0B0073195E /* Property.swift */ = {isa = PBXFileReference; lastKnownFileType = sourcecode.swift; path = Property.swift; sourceTree = "<group>"; };
		A5D70CA2215EF71D00C6B701 /* InspectorWindowController+NSTableViewDelegate.swift */ = {isa = PBXFileReference; lastKnownFileType = sourcecode.swift; path = "InspectorWindowController+NSTableViewDelegate.swift"; sourceTree = "<group>"; };
		A5D70CA4215EF73F00C6B701 /* InspectorWindowController+NSTableViewDataSource.swift */ = {isa = PBXFileReference; lastKnownFileType = sourcecode.swift; path = "InspectorWindowController+NSTableViewDataSource.swift"; sourceTree = "<group>"; };
		A5F1F452215EB58500E6031B /* PluginController.swift */ = {isa = PBXFileReference; lastKnownFileType = sourcecode.swift; path = PluginController.swift; sourceTree = "<group>"; };
		A5F4FDA4215EB9680038C775 /* InspectorWindowController.swift */ = {isa = PBXFileReference; lastKnownFileType = sourcecode.swift; path = InspectorWindowController.swift; sourceTree = "<group>"; };
		A5F4FDA5215EB9680038C775 /* InspectorWindowController.xib */ = {isa = PBXFileReference; lastKnownFileType = file.xib; path = InspectorWindowController.xib; sourceTree = "<group>"; };
/* End PBXFileReference section */

/* Begin PBXFrameworksBuildPhase section */
		A50380BF215EB400004C30AF /* Frameworks */ = {
			isa = PBXFrameworksBuildPhase;
			buildActionMask = 2147483647;
			files = (
			);
			runOnlyForDeploymentPostprocessing = 0;
		};
/* End PBXFrameworksBuildPhase section */

/* Begin PBXGroup section */
		A50380B8215EB400004C30AF = {
			isa = PBXGroup;
			children = (
				A50380C4215EB400004C30AF /* Sketch UI Inspector */,
				A50380C3215EB400004C30AF /* Products */,
			);
			sourceTree = "<group>";
		};
		A50380C3215EB400004C30AF /* Products */ = {
			isa = PBXGroup;
			children = (
				A50380C2215EB400004C30AF /* Sketch_UI_Inspector.framework */,
			);
			name = Products;
			sourceTree = "<group>";
		};
		A50380C4215EB400004C30AF /* Sketch UI Inspector */ = {
			isa = PBXGroup;
			children = (
				A55E938D215EB831001F871A /* Controllers */,
				A5F4FDA1215EB8AF0038C775 /* Extensions */,
				A50380C6215EB400004C30AF /* Info.plist */,
				A5F4FDA3215EB94C0038C775 /* Views */,
				A5D69DC92160545B0073195E /* Utils.swift */,
				A5D69DCB21605B0B0073195E /* Property.swift */,
			);
			path = "Sketch UI Inspector";
			sourceTree = "<group>";
		};
		A55E938D215EB831001F871A /* Controllers */ = {
			isa = PBXGroup;
			children = (
				A50380C5215EB400004C30AF /* Sketch_UI_Inspector.h */,
				A5F1F452215EB58500E6031B /* PluginController.swift */,
				A5D70CA6215EF74F00C6B701 /* Inspector Window */,
			);
			path = Controllers;
			sourceTree = "<group>";
		};
		A5D70CA6215EF74F00C6B701 /* Inspector Window */ = {
			isa = PBXGroup;
			children = (
				A5F4FDA4215EB9680038C775 /* InspectorWindowController.swift */,
				A5D70CA2215EF71D00C6B701 /* InspectorWindowController+NSTableViewDelegate.swift */,
				A51E6442215EE25200F65267 /* InspectorWindowController+NSOutlineViewDelegate.swift */,
				A51E6440215EE23500F65267 /* InspectorWindowController+NSOutlineViewDataSource.swift */,
				A5D70CA4215EF73F00C6B701 /* InspectorWindowController+NSTableViewDataSource.swift */,
			);
			path = "Inspector Window";
			sourceTree = "<group>";
		};
		A5F4FDA1215EB8AF0038C775 /* Extensions */ = {
			isa = PBXGroup;
			children = (
				A55E938E215EB860001F871A /* OSLog.swift */,
				A58C5272215EC52E000FA1F7 /* NSNib.swift */,
			);
			path = Extensions;
			sourceTree = "<group>";
		};
		A5F4FDA3215EB94C0038C775 /* Views */ = {
			isa = PBXGroup;
			children = (
				A5F4FDA5215EB9680038C775 /* InspectorWindowController.xib */,
			);
			path = Views;
			sourceTree = "<group>";
		};
/* End PBXGroup section */

/* Begin PBXHeadersBuildPhase section */
		A50380BD215EB400004C30AF /* Headers */ = {
			isa = PBXHeadersBuildPhase;
			buildActionMask = 2147483647;
			files = (
				A50380C7215EB400004C30AF /* Sketch_UI_Inspector.h in Headers */,
			);
			runOnlyForDeploymentPostprocessing = 0;
		};
/* End PBXHeadersBuildPhase section */

/* Begin PBXNativeTarget section */
		A50380C1215EB400004C30AF /* Sketch UI Inspector */ = {
			isa = PBXNativeTarget;
			buildConfigurationList = A50380CA215EB400004C30AF /* Build configuration list for PBXNativeTarget "Sketch UI Inspector" */;
			buildPhases = (
				A50380BD215EB400004C30AF /* Headers */,
				A50380BE215EB400004C30AF /* Sources */,
				A50380BF215EB400004C30AF /* Frameworks */,
				A50380C0215EB400004C30AF /* Resources */,
				A5F1F450215EB54500E6031B /* CopyFiles */,
			);
			buildRules = (
			);
			dependencies = (
			);
			name = "Sketch UI Inspector";
			productName = "Sketch UI Inspector";
			productReference = A50380C2215EB400004C30AF /* Sketch_UI_Inspector.framework */;
			productType = "com.apple.product-type.framework";
		};
/* End PBXNativeTarget section */

/* Begin PBXProject section */
		A50380B9215EB400004C30AF /* Project object */ = {
			isa = PBXProject;
			attributes = {
				LastUpgradeCheck = 1000;
				ORGANIZATIONNAME = "Sergey Dmitriev";
				TargetAttributes = {
					A50380C1215EB400004C30AF = {
						CreatedOnToolsVersion = 10.0;
						LastSwiftMigration = 1000;
					};
				};
			};
			buildConfigurationList = A50380BC215EB400004C30AF /* Build configuration list for PBXProject "Sketch UI Inspector" */;
			compatibilityVersion = "Xcode 9.3";
			developmentRegion = en;
			hasScannedForEncodings = 0;
			knownRegions = (
				en,
			);
			mainGroup = A50380B8215EB400004C30AF;
			productRefGroup = A50380C3215EB400004C30AF /* Products */;
			projectDirPath = "";
			projectRoot = "";
			targets = (
				A50380C1215EB400004C30AF /* Sketch UI Inspector */,
			);
		};
/* End PBXProject section */

/* Begin PBXResourcesBuildPhase section */
		A50380C0215EB400004C30AF /* Resources */ = {
			isa = PBXResourcesBuildPhase;
			buildActionMask = 2147483647;
			files = (
				A5F4FDA7215EB9680038C775 /* InspectorWindowController.xib in Resources */,
			);
			runOnlyForDeploymentPostprocessing = 0;
		};
/* End PBXResourcesBuildPhase section */

/* Begin PBXSourcesBuildPhase section */
		A50380BE215EB400004C30AF /* Sources */ = {
			isa = PBXSourcesBuildPhase;
			buildActionMask = 2147483647;
			files = (
				A5D69DCC21605B0B0073195E /* Property.swift in Sources */,
				A58C5273215EC52E000FA1F7 /* NSNib.swift in Sources */,
				A51E6441215EE23500F65267 /* InspectorWindowController+NSOutlineViewDataSource.swift in Sources */,
				A5D69DCA2160545B0073195E /* Utils.swift in Sources */,
				A5F4FDA6215EB9680038C775 /* InspectorWindowController.swift in Sources */,
				A5D70CA3215EF71D00C6B701 /* InspectorWindowController+NSTableViewDelegate.swift in Sources */,
				A5D70CA5215EF73F00C6B701 /* InspectorWindowController+NSTableViewDataSource.swift in Sources */,
				A55E938F215EB860001F871A /* OSLog.swift in Sources */,
				A5F1F453215EB58500E6031B /* PluginController.swift in Sources */,
				A51E6443215EE25200F65267 /* InspectorWindowController+NSOutlineViewDelegate.swift in Sources */,
			);
			runOnlyForDeploymentPostprocessing = 0;
		};
/* End PBXSourcesBuildPhase section */

/* Begin XCBuildConfiguration section */
		A50380C8215EB400004C30AF /* Debug */ = {
			isa = XCBuildConfiguration;
			buildSettings = {
				ALWAYS_SEARCH_USER_PATHS = NO;
				CLANG_ANALYZER_NONNULL = YES;
				CLANG_ANALYZER_NUMBER_OBJECT_CONVERSION = YES_AGGRESSIVE;
				CLANG_CXX_LANGUAGE_STANDARD = "gnu++14";
				CLANG_CXX_LIBRARY = "libc++";
				CLANG_ENABLE_MODULES = YES;
				CLANG_ENABLE_OBJC_ARC = YES;
				CLANG_ENABLE_OBJC_WEAK = YES;
				CLANG_WARN_BLOCK_CAPTURE_AUTORELEASING = YES;
				CLANG_WARN_BOOL_CONVERSION = YES;
				CLANG_WARN_COMMA = YES;
				CLANG_WARN_CONSTANT_CONVERSION = YES;
				CLANG_WARN_DEPRECATED_OBJC_IMPLEMENTATIONS = YES;
				CLANG_WARN_DIRECT_OBJC_ISA_USAGE = YES_ERROR;
				CLANG_WARN_DOCUMENTATION_COMMENTS = YES;
				CLANG_WARN_EMPTY_BODY = YES;
				CLANG_WARN_ENUM_CONVERSION = YES;
				CLANG_WARN_INFINITE_RECURSION = YES;
				CLANG_WARN_INT_CONVERSION = YES;
				CLANG_WARN_NON_LITERAL_NULL_CONVERSION = YES;
				CLANG_WARN_OBJC_IMPLICIT_RETAIN_SELF = YES;
				CLANG_WARN_OBJC_LITERAL_CONVERSION = YES;
				CLANG_WARN_OBJC_ROOT_CLASS = YES_ERROR;
				CLANG_WARN_RANGE_LOOP_ANALYSIS = YES;
				CLANG_WARN_STRICT_PROTOTYPES = YES;
				CLANG_WARN_SUSPICIOUS_MOVE = YES;
				CLANG_WARN_UNGUARDED_AVAILABILITY = YES_AGGRESSIVE;
				CLANG_WARN_UNREACHABLE_CODE = YES;
				CLANG_WARN__DUPLICATE_METHOD_MATCH = YES;
				CODE_SIGN_IDENTITY = "Mac Developer";
				COPY_PHASE_STRIP = NO;
				CURRENT_PROJECT_VERSION = 1;
				DEBUG_INFORMATION_FORMAT = dwarf;
				ENABLE_STRICT_OBJC_MSGSEND = YES;
				ENABLE_TESTABILITY = YES;
				GCC_C_LANGUAGE_STANDARD = gnu11;
				GCC_DYNAMIC_NO_PIC = NO;
				GCC_NO_COMMON_BLOCKS = YES;
				GCC_OPTIMIZATION_LEVEL = 0;
				GCC_PREPROCESSOR_DEFINITIONS = (
					"DEBUG=1",
					"$(inherited)",
				);
				GCC_WARN_64_TO_32_BIT_CONVERSION = YES;
				GCC_WARN_ABOUT_RETURN_TYPE = YES_ERROR;
				GCC_WARN_UNDECLARED_SELECTOR = YES;
				GCC_WARN_UNINITIALIZED_AUTOS = YES_AGGRESSIVE;
				GCC_WARN_UNUSED_FUNCTION = YES;
				GCC_WARN_UNUSED_VARIABLE = YES;
				MACOSX_DEPLOYMENT_TARGET = 10.13;
				MTL_ENABLE_DEBUG_INFO = INCLUDE_SOURCE;
				MTL_FAST_MATH = YES;
				ONLY_ACTIVE_ARCH = YES;
				SDKROOT = macosx;
				SWIFT_ACTIVE_COMPILATION_CONDITIONS = DEBUG;
				SWIFT_OPTIMIZATION_LEVEL = "-Onone";
				VERSIONING_SYSTEM = "apple-generic";
				VERSION_INFO_PREFIX = "";
			};
			name = Debug;
		};
		A50380C9215EB400004C30AF /* Release */ = {
			isa = XCBuildConfiguration;
			buildSettings = {
				ALWAYS_SEARCH_USER_PATHS = NO;
				CLANG_ANALYZER_NONNULL = YES;
				CLANG_ANALYZER_NUMBER_OBJECT_CONVERSION = YES_AGGRESSIVE;
				CLANG_CXX_LANGUAGE_STANDARD = "gnu++14";
				CLANG_CXX_LIBRARY = "libc++";
				CLANG_ENABLE_MODULES = YES;
				CLANG_ENABLE_OBJC_ARC = YES;
				CLANG_ENABLE_OBJC_WEAK = YES;
				CLANG_WARN_BLOCK_CAPTURE_AUTORELEASING = YES;
				CLANG_WARN_BOOL_CONVERSION = YES;
				CLANG_WARN_COMMA = YES;
				CLANG_WARN_CONSTANT_CONVERSION = YES;
				CLANG_WARN_DEPRECATED_OBJC_IMPLEMENTATIONS = YES;
				CLANG_WARN_DIRECT_OBJC_ISA_USAGE = YES_ERROR;
				CLANG_WARN_DOCUMENTATION_COMMENTS = YES;
				CLANG_WARN_EMPTY_BODY = YES;
				CLANG_WARN_ENUM_CONVERSION = YES;
				CLANG_WARN_INFINITE_RECURSION = YES;
				CLANG_WARN_INT_CONVERSION = YES;
				CLANG_WARN_NON_LITERAL_NULL_CONVERSION = YES;
				CLANG_WARN_OBJC_IMPLICIT_RETAIN_SELF = YES;
				CLANG_WARN_OBJC_LITERAL_CONVERSION = YES;
				CLANG_WARN_OBJC_ROOT_CLASS = YES_ERROR;
				CLANG_WARN_RANGE_LOOP_ANALYSIS = YES;
				CLANG_WARN_STRICT_PROTOTYPES = YES;
				CLANG_WARN_SUSPICIOUS_MOVE = YES;
				CLANG_WARN_UNGUARDED_AVAILABILITY = YES_AGGRESSIVE;
				CLANG_WARN_UNREACHABLE_CODE = YES;
				CLANG_WARN__DUPLICATE_METHOD_MATCH = YES;
				CODE_SIGN_IDENTITY = "Mac Developer";
				COPY_PHASE_STRIP = NO;
				CURRENT_PROJECT_VERSION = 1;
				DEBUG_INFORMATION_FORMAT = "dwarf-with-dsym";
				ENABLE_NS_ASSERTIONS = NO;
				ENABLE_STRICT_OBJC_MSGSEND = YES;
				GCC_C_LANGUAGE_STANDARD = gnu11;
				GCC_NO_COMMON_BLOCKS = YES;
				GCC_WARN_64_TO_32_BIT_CONVERSION = YES;
				GCC_WARN_ABOUT_RETURN_TYPE = YES_ERROR;
				GCC_WARN_UNDECLARED_SELECTOR = YES;
				GCC_WARN_UNINITIALIZED_AUTOS = YES_AGGRESSIVE;
				GCC_WARN_UNUSED_FUNCTION = YES;
				GCC_WARN_UNUSED_VARIABLE = YES;
				MACOSX_DEPLOYMENT_TARGET = 10.13;
				MTL_ENABLE_DEBUG_INFO = NO;
				MTL_FAST_MATH = YES;
				SDKROOT = macosx;
				SWIFT_COMPILATION_MODE = wholemodule;
				SWIFT_OPTIMIZATION_LEVEL = "-O";
				VERSIONING_SYSTEM = "apple-generic";
				VERSION_INFO_PREFIX = "";
			};
			name = Release;
		};
		A50380CB215EB400004C30AF /* Debug */ = {
			isa = XCBuildConfiguration;
			buildSettings = {
				ALWAYS_EMBED_SWIFT_STANDARD_LIBRARIES = YES;
				CLANG_ALLOW_NON_MODULAR_INCLUDES_IN_FRAMEWORK_MODULES = YES;
				CLANG_ENABLE_MODULES = YES;
				CODE_SIGN_IDENTITY = "";
				CODE_SIGN_STYLE = Automatic;
				COMBINE_HIDPI_IMAGES = YES;
				DEFINES_MODULE = YES;
				DEVELOPMENT_TEAM = Z4GRJH5268;
				DYLIB_COMPATIBILITY_VERSION = 1;
				DYLIB_CURRENT_VERSION = 1;
				DYLIB_INSTALL_NAME_BASE = "@rpath";
				FRAMEWORK_VERSION = A;
				INFOPLIST_FILE = "Sketch UI Inspector/Info.plist";
				INSTALL_PATH = "$(LOCAL_LIBRARY_DIR)/Frameworks";
				LD_RUNPATH_SEARCH_PATHS = (
					"$(inherited)",
					"@executable_path/../Frameworks",
					"@loader_path/Frameworks",
				);
				MACOSX_DEPLOYMENT_TARGET = 10.13;
				PRODUCT_BUNDLE_IDENTIFIER = "com.sergeishere.Sketch-UI-Inspector";
				PRODUCT_NAME = "$(TARGET_NAME:c99extidentifier)";
				SKIP_INSTALL = YES;
				SWIFT_OPTIMIZATION_LEVEL = "-Onone";
				SWIFT_VERSION = 4.2;
			};
			name = Debug;
		};
		A50380CC215EB400004C30AF /* Release */ = {
			isa = XCBuildConfiguration;
			buildSettings = {
				ALWAYS_EMBED_SWIFT_STANDARD_LIBRARIES = YES;
				CLANG_ALLOW_NON_MODULAR_INCLUDES_IN_FRAMEWORK_MODULES = YES;
				CLANG_ENABLE_MODULES = YES;
				CODE_SIGN_IDENTITY = "";
				CODE_SIGN_STYLE = Automatic;
				COMBINE_HIDPI_IMAGES = YES;
				DEFINES_MODULE = YES;
				DEVELOPMENT_TEAM = Z4GRJH5268;
				DYLIB_COMPATIBILITY_VERSION = 1;
				DYLIB_CURRENT_VERSION = 1;
				DYLIB_INSTALL_NAME_BASE = "@rpath";
				FRAMEWORK_VERSION = A;
				INFOPLIST_FILE = "Sketch UI Inspector/Info.plist";
				INSTALL_PATH = "$(LOCAL_LIBRARY_DIR)/Frameworks";
				LD_RUNPATH_SEARCH_PATHS = (
					"$(inherited)",
					"@executable_path/../Frameworks",
					"@loader_path/Frameworks",
				);
				MACOSX_DEPLOYMENT_TARGET = 10.13;
				PRODUCT_BUNDLE_IDENTIFIER = "com.sergeishere.Sketch-UI-Inspector";
				PRODUCT_NAME = "$(TARGET_NAME:c99extidentifier)";
				SKIP_INSTALL = YES;
				SWIFT_VERSION = 4.2;
			};
			name = Release;
		};
/* End XCBuildConfiguration section */

/* Begin XCConfigurationList section */
		A50380BC215EB400004C30AF /* Build configuration list for PBXProject "Sketch UI Inspector" */ = {
			isa = XCConfigurationList;
			buildConfigurations = (
				A50380C8215EB400004C30AF /* Debug */,
				A50380C9215EB400004C30AF /* Release */,
			);
			defaultConfigurationIsVisible = 0;
			defaultConfigurationName = Release;
		};
		A50380CA215EB400004C30AF /* Build configuration list for PBXNativeTarget "Sketch UI Inspector" */ = {
			isa = XCConfigurationList;
			buildConfigurations = (
				A50380CB215EB400004C30AF /* Debug */,
				A50380CC215EB400004C30AF /* Release */,
			);
			defaultConfigurationIsVisible = 0;
			defaultConfigurationName = Release;
		};
/* End XCConfigurationList section */
	};
	rootObject = A50380B9215EB400004C30AF /* Project object */;
}
